
Microsoft Visual Studio Solution File, Format Version 12.00
# Visual Studio Version 16
VisualStudioVersion = 16.0.35229.62
MinimumVisualStudioVersion = 10.0.40219.1
Project("{FAE04EC0-301F-11D3-BF4B-00C04F79EFBC}") = "01_MainSubjects", "01_MainSubjects\01_MainSubjects.csproj", "{19D664BD-9CD1-4300-B5DB-A52CBB889A9C}"
EndProject
Project("{FAE04EC0-301F-11D3-BF4B-00C04F79EFBC}") = "02_Variables", "02_Variables\02_Variables.csproj", "{815663CA-E278-4210-ACD3-0384908A909F}"
EndProject
Project("{FAE04EC0-301F-11D3-BF4B-00C04F79EFBC}") = "03_MakingDecision", "03_MakingDecision\03_MakingDecision.csproj", "{D2CFCF50-49FB-41DE-ACFD-0243759C90FC}"
EndProject
Global
	GlobalSection(SolutionConfigurationPlatforms) = preSolution
		Debug|Any CPU = Debug|Any CPU
		Release|Any CPU = Release|Any CPU
	EndGlobalSection
	GlobalSection(ProjectConfigurationPlatforms) = postSolution
		{19D664BD-9CD1-4300-B5DB-A52CBB889A9C}.Debug|Any CPU.ActiveCfg = Debug|Any CPU
		{19D664BD-9CD1-4300-B5DB-A52CBB889A9C}.Debug|Any CPU.Build.0 = Debug|Any CPU
		{19D664BD-9CD1-4300-B5DB-A52CBB889A9C}.Release|Any CPU.ActiveCfg = Release|Any CPU
		{19D664BD-9CD1-4300-B5DB-A52CBB889A9C}.Release|Any CPU.Build.0 = Release|Any CPU
		{815663CA-E278-4210-ACD3-0384908A909F}.Debug|Any CPU.ActiveCfg = Debug|Any CPU
		{815663CA-E278-4210-ACD3-0384908A909F}.Debug|Any CPU.Build.0 = Debug|Any CPU
		{815663CA-E278-4210-ACD3-0384908A909F}.Release|Any CPU.ActiveCfg = Release|Any CPU
		{815663CA-E278-4210-ACD3-0384908A909F}.Release|Any CPU.Build.0 = Release|Any CPU
		{D2CFCF50-49FB-41DE-ACFD-0243759C90FC}.Debug|Any CPU.ActiveCfg = Debug|Any CPU
		{D2CFCF50-49FB-41DE-ACFD-0243759C90FC}.Debug|Any CPU.Build.0 = Debug|Any CPU
		{D2CFCF50-49FB-41DE-ACFD-0243759C90FC}.Release|Any CPU.ActiveCfg = Release|Any CPU
		{D2CFCF50-49FB-41DE-ACFD-0243759C90FC}.Release|Any CPU.Build.0 = Release|Any CPU
	EndGlobalSection
	GlobalSection(SolutionProperties) = preSolution
		HideSolutionNode = FALSE
	EndGlobalSection
	GlobalSection(ExtensibilityGlobals) = postSolution
		SolutionGuid = {D47C6F16-FE76-4FB6-8195-8DEBAB9D541B}
	EndGlobalSection
EndGlobal
